// !$*UTF8*$!
{
	archiveVersion = 1;
	classes = {
	};
	objectVersion = 46;
	objects = {

/* Begin PBXBuildFile section */
		54A7BC351D342E49007E6EBB /* main.m in Sources */ = {isa = PBXBuildFile; fileRef = 54A7BC341D342E49007E6EBB /* main.m */; };
		54A7BC381D342E49007E6EBB /* AppDelegate.m in Sources */ = {isa = PBXBuildFile; fileRef = 54A7BC371D342E49007E6EBB /* AppDelegate.m */; };
		54A7BC3B1D342E49007E6EBB /* ViewController.m in Sources */ = {isa = PBXBuildFile; fileRef = 54A7BC3A1D342E49007E6EBB /* ViewController.m */; };
		54A7BC3E1D342E49007E6EBB /* Main.storyboard in Resources */ = {isa = PBXBuildFile; fileRef = 54A7BC3C1D342E49007E6EBB /* Main.storyboard */; };
		54A7BC411D342E49007E6EBB /* ok.xcdatamodeld in Sources */ = {isa = PBXBuildFile; fileRef = 54A7BC3F1D342E49007E6EBB /* ok.xcdatamodeld */; };
		54A7BC431D342E49007E6EBB /* Assets.xcassets in Resources */ = {isa = PBXBuildFile; fileRef = 54A7BC421D342E49007E6EBB /* Assets.xcassets */; };
		54A7BC461D342E49007E6EBB /* LaunchScreen.storyboard in Resources */ = {isa = PBXBuildFile; fileRef = 54A7BC441D342E49007E6EBB /* LaunchScreen.storyboard */; };
		54A7BC511D342E49007E6EBB /* okTests.m in Sources */ = {isa = PBXBuildFile; fileRef = 54A7BC501D342E49007E6EBB /* okTests.m */; };
		54A7BC5C1D342E49007E6EBB /* okUITests.m in Sources */ = {isa = PBXBuildFile; fileRef = 54A7BC5B1D342E49007E6EBB /* okUITests.m */; };
/* End PBXBuildFile section */

/* Begin PBXContainerItemProxy section */
		54A7BC4D1D342E49007E6EBB /* PBXContainerItemProxy */ = {
			isa = PBXContainerItemProxy;
			containerPortal = 54A7BC281D342E49007E6EBB /* Project object */;
			proxyType = 1;
			remoteGlobalIDString = 54A7BC2F1D342E49007E6EBB;
			remoteInfo = ok;
		};
		54A7BC581D342E49007E6EBB /* PBXContainerItemProxy */ = {
			isa = PBXContainerItemProxy;
			containerPortal = 54A7BC281D342E49007E6EBB /* Project object */;
			proxyType = 1;
			remoteGlobalIDString = 54A7BC2F1D342E49007E6EBB;
			remoteInfo = ok;
		};
/* End PBXContainerItemProxy section */

/* Begin PBXFileReference section */
		54A7BC301D342E49007E6EBB /* ok.app */ = {isa = PBXFileReference; explicitFileType = wrapper.application; includeInIndex = 0; path = ok.app; sourceTree = BUILT_PRODUCTS_DIR; };
		54A7BC341D342E49007E6EBB /* main.m */ = {isa = PBXFileReference; lastKnownFileType = sourcecode.c.objc; path = main.m; sourceTree = "<group>"; };
		54A7BC361D342E49007E6EBB /* AppDelegate.h */ = {isa = PBXFileReference; lastKnownFileType = sourcecode.c.h; path = AppDelegate.h; sourceTree = "<group>"; };
		54A7BC371D342E49007E6EBB /* AppDelegate.m */ = {isa = PBXFileReference; lastKnownFileType = sourcecode.c.objc; path = AppDelegate.m; sourceTree = "<group>"; };
		54A7BC391D342E49007E6EBB /* ViewController.h */ = {isa = PBXFileReference; lastKnownFileType = sourcecode.c.h; path = ViewController.h; sourceTree = "<group>"; };
		54A7BC3A1D342E49007E6EBB /* ViewController.m */ = {isa = PBXFileReference; lastKnownFileType = sourcecode.c.objc; path = ViewController.m; sourceTree = "<group>"; };
		54A7BC3D1D342E49007E6EBB /* Base */ = {isa = PBXFileReference; lastKnownFileType = file.storyboard; name = Base; path = Base.lproj/Main.storyboard; sourceTree = "<group>"; };
		54A7BC401D342E49007E6EBB /* ok.xcdatamodel */ = {isa = PBXFileReference; lastKnownFileType = wrapper.xcdatamodel; path = ok.xcdatamodel; sourceTree = "<group>"; };
		54A7BC421D342E49007E6EBB /* Assets.xcassets */ = {isa = PBXFileReference; lastKnownFileType = folder.assetcatalog; path = Assets.xcassets; sourceTree = "<group>"; };
		54A7BC451D342E49007E6EBB /* Base */ = {isa = PBXFileReference; lastKnownFileType = file.storyboard; name = Base; path = Base.lproj/LaunchScreen.storyboard; sourceTree = "<group>"; };
		54A7BC471D342E49007E6EBB /* Info.plist */ = {isa = PBXFileReference; lastKnownFileType = text.plist.xml; path = Info.plist; sourceTree = "<group>"; };
		54A7BC4C1D342E49007E6EBB /* okTests.xctest */ = {isa = PBXFileReference; explicitFileType = wrapper.cfbundle; includeInIndex = 0; path = okTests.xctest; sourceTree = BUILT_PRODUCTS_DIR; };
		54A7BC501D342E49007E6EBB /* okTests.m */ = {isa = PBXFileReference; lastKnownFileType = sourcecode.c.objc; path = okTests.m; sourceTree = "<group>"; };
		54A7BC521D342E49007E6EBB /* Info.plist */ = {isa = PBXFileReference; lastKnownFileType = text.plist.xml; path = Info.plist; sourceTree = "<group>"; };
		54A7BC571D342E49007E6EBB /* okUITests.xctest */ = {isa = PBXFileReference; explicitFileType = wrapper.cfbundle; includeInIndex = 0; path = okUITests.xctest; sourceTree = BUILT_PRODUCTS_DIR; };
		54A7BC5B1D342E49007E6EBB /* okUITests.m */ = {isa = PBXFileReference; lastKnownFileType = sourcecode.c.objc; path = okUITests.m; sourceTree = "<group>"; };
		54A7BC5D1D342E49007E6EBB /* Info.plist */ = {isa = PBXFileReference; lastKnownFileType = text.plist.xml; path = Info.plist; sourceTree = "<group>"; };
/* End PBXFileReference section */

/* Begin PBXFrameworksBuildPhase section */
		54A7BC2D1D342E49007E6EBB /* Frameworks */ = {
			isa = PBXFrameworksBuildPhase;
			buildActionMask = 2147483647;
			files = (
			);
			runOnlyForDeploymentPostprocessing = 0;
		};
		54A7BC491D342E49007E6EBB /* Frameworks */ = {
			isa = PBXFrameworksBuildPhase;
			buildActionMask = 2147483647;
			files = (
			);
			runOnlyForDeploymentPostprocessing = 0;
		};
		54A7BC541D342E49007E6EBB /* Frameworks */ = {
			isa = PBXFrameworksBuildPhase;
			buildActionMask = 2147483647;
			files = (
			);
			runOnlyForDeploymentPostprocessing = 0;
		};
/* End PBXFrameworksBuildPhase section */

/* Begin PBXGroup section */
		54A7BC271D342E49007E6EBB = {
			isa = PBXGroup;
			children = (
				54A7BC321D342E49007E6EBB /* ok */,
				54A7BC4F1D342E49007E6EBB /* okTests */,
				54A7BC5A1D342E49007E6EBB /* okUITests */,
				54A7BC311D342E49007E6EBB /* Products */,
			);
			sourceTree = "<group>";
		};
		54A7BC311D342E49007E6EBB /* Products */ = {
			isa = PBXGroup;
			children = (
				54A7BC301D342E49007E6EBB /* ok.app */,
				54A7BC4C1D342E49007E6EBB /* okTests.xctest */,
				54A7BC571D342E49007E6EBB /* okUITests.xctest */,
			);
			name = Products;
			sourceTree = "<group>";
		};
		54A7BC321D342E49007E6EBB /* ok */ = {
			isa = PBXGroup;
			children = (
				54A7BC361D342E49007E6EBB /* AppDelegate.h */,
				54A7BC371D342E49007E6EBB /* AppDelegate.m */,
				54A7BC391D342E49007E6EBB /* ViewController.h */,
				54A7BC3A1D342E49007E6EBB /* ViewController.m */,
				54A7BC3C1D342E49007E6EBB /* Main.storyboard */,
				54A7BC421D342E49007E6EBB /* Assets.xcassets */,
				54A7BC441D342E49007E6EBB /* LaunchScreen.storyboard */,
				54A7BC471D342E49007E6EBB /* Info.plist */,
				54A7BC3F1D342E49007E6EBB /* ok.xcdatamodeld */,
				54A7BC331D342E49007E6EBB /* Supporting Files */,
			);
			path = ok;
			sourceTree = "<group>";
		};
		54A7BC331D342E49007E6EBB /* Supporting Files */ = {
			isa = PBXGroup;
			children = (
				54A7BC341D342E49007E6EBB /* main.m */,
			);
			name = "Supporting Files";
			sourceTree = "<group>";
		};
		54A7BC4F1D342E49007E6EBB /* okTests */ = {
			isa = PBXGroup;
			children = (
				54A7BC501D342E49007E6EBB /* okTests.m */,
				54A7BC521D342E49007E6EBB /* Info.plist */,
			);
			path = okTests;
			sourceTree = "<group>";
		};
		54A7BC5A1D342E49007E6EBB /* okUITests */ = {
			isa = PBXGroup;
			children = (
				54A7BC5B1D342E49007E6EBB /* okUITests.m */,
				54A7BC5D1D342E49007E6EBB /* Info.plist */,
			);
			path = okUITests;
			sourceTree = "<group>";
		};
/* End PBXGroup section */

/* Begin PBXNativeTarget section */
		54A7BC2F1D342E49007E6EBB /* ok */ = {
			isa = PBXNativeTarget;
			buildConfigurationList = 54A7BC601D342E49007E6EBB /* Build configuration list for PBXNativeTarget "ok" */;
			buildPhases = (
				54A7BC2C1D342E49007E6EBB /* Sources */,
				54A7BC2D1D342E49007E6EBB /* Frameworks */,
				54A7BC2E1D342E49007E6EBB /* Resources */,
			);
			buildRules = (
			);
			dependencies = (
			);
			name = ok;
			productName = ok;
			productReference = 54A7BC301D342E49007E6EBB /* ok.app */;
			productType = "com.apple.product-type.application";
		};
		54A7BC4B1D342E49007E6EBB /* okTests */ = {
			isa = PBXNativeTarget;
			buildConfigurationList = 54A7BC631D342E49007E6EBB /* Build configuration list for PBXNativeTarget "okTests" */;
			buildPhases = (
				54A7BC481D342E49007E6EBB /* Sources */,
				54A7BC491D342E49007E6EBB /* Frameworks */,
				54A7BC4A1D342E49007E6EBB /* Resources */,
			);
			buildRules = (
			);
			dependencies = (
				54A7BC4E1D342E49007E6EBB /* PBXTargetDependency */,
			);
			name = okTests;
			productName = okTests;
			productReference = 54A7BC4C1D342E49007E6EBB /* okTests.xctest */;
			productType = "com.apple.product-type.bundle.unit-test";
		};
		54A7BC561D342E49007E6EBB /* okUITests */ = {
			isa = PBXNativeTarget;
			buildConfigurationList = 54A7BC661D342E49007E6EBB /* Build configuration list for PBXNativeTarget "okUITests" */;
			buildPhases = (
				54A7BC531D342E49007E6EBB /* Sources */,
				54A7BC541D342E49007E6EBB /* Frameworks */,
				54A7BC551D342E49007E6EBB /* Resources */,
			);
			buildRules = (
			);
			dependencies = (
				54A7BC591D342E49007E6EBB /* PBXTargetDependency */,
			);
			name = okUITests;
			productName = okUITests;
			productReference = 54A7BC571D342E49007E6EBB /* okUITests.xctest */;
			productType = "com.apple.product-type.bundle.ui-testing";
		};
/* End PBXNativeTarget section */

/* Begin PBXProject section */
		54A7BC281D342E49007E6EBB /* Project object */ = {
			isa = PBXProject;
			attributes = {
				LastUpgradeCheck = 0730;
				ORGANIZATIONNAME = superCode;
				TargetAttributes = {
					54A7BC2F1D342E49007E6EBB = {
						CreatedOnToolsVersion = 7.3;
					};
					54A7BC4B1D342E49007E6EBB = {
						CreatedOnToolsVersion = 7.3;
						TestTargetID = 54A7BC2F1D342E49007E6EBB;
					};
					54A7BC561D342E49007E6EBB = {
						CreatedOnToolsVersion = 7.3;
						TestTargetID = 54A7BC2F1D342E49007E6EBB;
					};
				};
			};
			buildConfigurationList = 54A7BC2B1D342E49007E6EBB /* Build configuration list for PBXProject "ok" */;
			compatibilityVersion = "Xcode 3.2";
			developmentRegion = English;
			hasScannedForEncodings = 0;
			knownRegions = (
				en,
				Base,
			);
			mainGroup = 54A7BC271D342E49007E6EBB;
			productRefGroup = 54A7BC311D342E49007E6EBB /* Products */;
			projectDirPath = "";
			projectRoot = "";
			targets = (
				54A7BC2F1D342E49007E6EBB /* ok */,
				54A7BC4B1D342E49007E6EBB /* okTests */,
				54A7BC561D342E49007E6EBB /* okUITests */,
			);
		};
/* End PBXProject section */

/* Begin PBXResourcesBuildPhase section */
		54A7BC2E1D342E49007E6EBB /* Resources */ = {
			isa = PBXResourcesBuildPhase;
			buildActionMask = 2147483647;
			files = (
				54A7BC461D342E49007E6EBB /* LaunchScreen.storyboard in Resources */,
				54A7BC431D342E49007E6EBB /* Assets.xcassets in Resources */,
				54A7BC3E1D342E49007E6EBB /* Main.storyboard in Resources */,
			);
			runOnlyForDeploymentPostprocessing = 0;
		};
		54A7BC4A1D342E49007E6EBB /* Resources */ = {
			isa = PBXResourcesBuildPhase;
			buildActionMask = 2147483647;
			files = (
			);
			runOnlyForDeploymentPostprocessing = 0;
		};
		54A7BC551D342E49007E6EBB /* Resources */ = {
			isa = PBXResourcesBuildPhase;
			buildActionMask = 2147483647;
			files = (
			);
			runOnlyForDeploymentPostprocessing = 0;
		};
/* End PBXResourcesBuildPhase section */

/* Begin PBXSourcesBuildPhase section */
		54A7BC2C1D342E49007E6EBB /* Sources */ = {
			isa = PBXSourcesBuildPhase;
			buildActionMask = 2147483647;
			files = (
				54A7BC3B1D342E49007E6EBB /* ViewController.m in Sources */,
				54A7BC411D342E49007E6EBB /* ok.xcdatamodeld in Sources */,
				54A7BC381D342E49007E6EBB /* AppDelegate.m in Sources */,
				54A7BC351D342E49007E6EBB /* main.m in Sources */,
			);
			runOnlyForDeploymentPostprocessing = 0;
		};
		54A7BC481D342E49007E6EBB /* Sources */ = {
			isa = PBXSourcesBuildPhase;
			buildActionMask = 2147483647;
			files = (
				54A7BC511D342E49007E6EBB /* okTests.m in Sources */,
			);
			runOnlyForDeploymentPostprocessing = 0;
		};
		54A7BC531D342E49007E6EBB /* Sources */ = {
			isa = PBXSourcesBuildPhase;
			buildActionMask = 2147483647;
			files = (
				54A7BC5C1D342E49007E6EBB /* okUITests.m in Sources */,
			);
			runOnlyForDeploymentPostprocessing = 0;
		};
/* End PBXSourcesBuildPhase section */

/* Begin PBXTargetDependency section */
		54A7BC4E1D342E49007E6EBB /* PBXTargetDependency */ = {
			isa = PBXTargetDependency;
			target = 54A7BC2F1D342E49007E6EBB /* ok */;
			targetProxy = 54A7BC4D1D342E49007E6EBB /* PBXContainerItemProxy */;
		};
		54A7BC591D342E49007E6EBB /* PBXTargetDependency */ = {
			isa = PBXTargetDependency;
			target = 54A7BC2F1D342E49007E6EBB /* ok */;
			targetProxy = 54A7BC581D342E49007E6EBB /* PBXContainerItemProxy */;
		};
/* End PBXTargetDependency section */

/* Begin PBXVariantGroup section */
		54A7BC3C1D342E49007E6EBB /* Main.storyboard */ = {
			isa = PBXVariantGroup;
			children = (
				54A7BC3D1D342E49007E6EBB /* Base */,
			);
			name = Main.storyboard;
			sourceTree = "<group>";
		};
		54A7BC441D342E49007E6EBB /* LaunchScreen.storyboard */ = {
			isa = PBXVariantGroup;
			children = (
				54A7BC451D342E49007E6EBB /* Base */,
			);
			name = LaunchScreen.storyboard;
			sourceTree = "<group>";
		};
/* End PBXVariantGroup section */

/* Begin XCBuildConfiguration section */
		54A7BC5E1D342E49007E6EBB /* Debug */ = {
			isa = XCBuildConfiguration;
			buildSettings = {
				ALWAYS_SEARCH_USER_PATHS = NO;
				CLANG_ANALYZER_NONNULL = YES;
				CLANG_CXX_LANGUAGE_STANDARD = "gnu++0x";
				CLANG_CXX_LIBRARY = "libc++";
				CLANG_ENABLE_MODULES = YES;
				CLANG_ENABLE_OBJC_ARC = YES;
				CLANG_WARN_BOOL_CONVERSION = YES;
				CLANG_WARN_CONSTANT_CONVERSION = YES;
				CLANG_WARN_DIRECT_OBJC_ISA_USAGE = YES_ERROR;
				CLANG_WARN_EMPTY_BODY = YES;
				CLANG_WARN_ENUM_CONVERSION = YES;
				CLANG_WARN_INT_CONVERSION = YES;
				CLANG_WARN_OBJC_ROOT_CLASS = YES_ERROR;
				CLANG_WARN_UNREACHABLE_CODE = YES;
				CLANG_WARN__DUPLICATE_METHOD_MATCH = YES;
				"CODE_SIGN_IDENTITY[sdk=iphoneos*]" = "iPhone Developer";
				COPY_PHASE_STRIP = NO;
				DEBUG_INFORMATION_FORMAT = dwarf;
				ENABLE_STRICT_OBJC_MSGSEND = YES;
				ENABLE_TESTABILITY = YES;
				GCC_C_LANGUAGE_STANDARD = gnu99;
				GCC_DYNAMIC_NO_PIC = NO;
				GCC_NO_COMMON_BLOCKS = YES;
				GCC_OPTIMIZATION_LEVEL = 0;
				GCC_PREPROCESSOR_DEFINITIONS = (
					"DEBUG=1",
					"$(inherited)",
				);
				GCC_WARN_64_TO_32_BIT_CONVERSION = YES;
				GCC_WARN_ABOUT_RETURN_TYPE = YES_ERROR;
				GCC_WARN_UNDECLARED_SELECTOR = YES;
				GCC_WARN_UNINITIALIZED_AUTOS = YES_AGGRESSIVE;
				GCC_WARN_UNUSED_FUNCTION = YES;
				GCC_WARN_UNUSED_VARIABLE = YES;
				IPHONEOS_DEPLOYMENT_TARGET = 9.3;
				MTL_ENABLE_DEBUG_INFO = YES;
				ONLY_ACTIVE_ARCH = YES;
				SDKROOT = iphoneos;
			};
			name = Debug;
		};
		54A7BC5F1D342E49007E6EBB /* Release */ = {
			isa = XCBuildConfiguration;
			buildSettings = {
				ALWAYS_SEARCH_USER_PATHS = NO;
				CLANG_ANALYZER_NONNULL = YES;
				CLANG_CXX_LANGUAGE_STANDARD = "gnu++0x";
				CLANG_CXX_LIBRARY = "libc++";
				CLANG_ENABLE_MODULES = YES;
				CLANG_ENABLE_OBJC_ARC = YES;
				CLANG_WARN_BOOL_CONVERSION = YES;
				CLANG_WARN_CONSTANT_CONVERSION = YES;
				CLANG_WARN_DIRECT_OBJC_ISA_USAGE = YES_ERROR;
				CLANG_WARN_EMPTY_BODY = YES;
				CLANG_WARN_ENUM_CONVERSION = YES;
				CLANG_WARN_INT_CONVERSION = YES;
				CLANG_WARN_OBJC_ROOT_CLASS = YES_ERROR;
				CLANG_WARN_UNREACHABLE_CODE = YES;
				CLANG_WARN__DUPLICATE_METHOD_MATCH = YES;
				"CODE_SIGN_IDENTITY[sdk=iphoneos*]" = "iPhone Developer";
				COPY_PHASE_STRIP = NO;
				DEBUG_INFORMATION_FORMAT = "dwarf-with-dsym";
				ENABLE_NS_ASSERTIONS = NO;
				ENABLE_STRICT_OBJC_MSGSEND = YES;
				GCC_C_LANGUAGE_STANDARD = gnu99;
				GCC_NO_COMMON_BLOCKS = YES;
				GCC_WARN_64_TO_32_BIT_CONVERSION = YES;
				GCC_WARN_ABOUT_RETURN_TYPE = YES_ERROR;
				GCC_WARN_UNDECLARED_SELECTOR = YES;
				GCC_WARN_UNINITIALIZED_AUTOS = YES_AGGRESSIVE;
				GCC_WARN_UNUSED_FUNCTION = YES;
				GCC_WARN_UNUSED_VARIABLE = YES;
				IPHONEOS_DEPLOYMENT_TARGET = 9.3;
				MTL_ENABLE_DEBUG_INFO = NO;
				SDKROOT = iphoneos;
				VALIDATE_PRODUCT = YES;
			};
			name = Release;
		};
		54A7BC611D342E49007E6EBB /* Debug */ = {
			isa = XCBuildConfiguration;
			buildSettings = {
				ASSETCATALOG_COMPILER_APPICON_NAME = AppIcon;
				INFOPLIST_FILE = ok/Info.plist;
				LD_RUNPATH_SEARCH_PATHS = "$(inherited) @executable_path/Frameworks";
				PRODUCT_BUNDLE_IDENTIFIER = com.xixing.ok;
				PRODUCT_NAME = "$(TARGET_NAME)";
			};
			name = Debug;
		};
		54A7BC621D342E49007E6EBB /* Release */ = {
			isa = XCBuildConfiguration;
			buildSettings = {
				ASSETCATALOG_COMPILER_APPICON_NAME = AppIcon;
				INFOPLIST_FILE = ok/Info.plist;
				LD_RUNPATH_SEARCH_PATHS = "$(inherited) @executable_path/Frameworks";
				PRODUCT_BUNDLE_IDENTIFIER = com.xixing.ok;
				PRODUCT_NAME = "$(TARGET_NAME)";
			};
			name = Release;
		};
		54A7BC641D342E49007E6EBB /* Debug */ = {
			isa = XCBuildConfiguration;
			buildSettings = {
				BUNDLE_LOADER = "$(TEST_HOST)";
				INFOPLIST_FILE = okTests/Info.plist;
				LD_RUNPATH_SEARCH_PATHS = "$(inherited) @executable_path/Frameworks @loader_path/Frameworks";
				PRODUCT_BUNDLE_IDENTIFIER = com.xixing.okTests;
				PRODUCT_NAME = "$(TARGET_NAME)";
				TEST_HOST = "$(BUILT_PRODUCTS_DIR)/ok.app/ok";
			};
			name = Debug;
		};
		54A7BC651D342E49007E6EBB /* Release */ = {
			isa = XCBuildConfiguration;
			buildSettings = {
				BUNDLE_LOADER = "$(TEST_HOST)";
				INFOPLIST_FILE = okTests/Info.plist;
				LD_RUNPATH_SEARCH_PATHS = "$(inherited) @executable_path/Frameworks @loader_path/Frameworks";
				PRODUCT_BUNDLE_IDENTIFIER = com.xixing.okTests;
				PRODUCT_NAME = "$(TARGET_NAME)";
				TEST_HOST = "$(BUILT_PRODUCTS_DIR)/ok.app/ok";
			};
			name = Release;
		};
		54A7BC671D342E49007E6EBB /* Debug */ = {
			isa = XCBuildConfiguration;
			buildSettings = {
				INFOPLIST_FILE = okUITests/Info.plist;
				LD_RUNPATH_SEARCH_PATHS = "$(inherited) @executable_path/Frameworks @loader_path/Frameworks";
				PRODUCT_BUNDLE_IDENTIFIER = com.xixing.okUITests;
				PRODUCT_NAME = "$(TARGET_NAME)";
				TEST_TARGET_NAME = ok;
			};
			name = Debug;
		};
		54A7BC681D342E49007E6EBB /* Release */ = {
			isa = XCBuildConfiguration;
			buildSettings = {
				INFOPLIST_FILE = okUITests/Info.plist;
				LD_RUNPATH_SEARCH_PATHS = "$(inherited) @executable_path/Frameworks @loader_path/Frameworks";
				PRODUCT_BUNDLE_IDENTIFIER = com.xixing.okUITests;
				PRODUCT_NAME = "$(TARGET_NAME)";
				TEST_TARGET_NAME = ok;
			};
			name = Release;
		};
/* End XCBuildConfiguration section */

/* Begin XCConfigurationList section */
		54A7BC2B1D342E49007E6EBB /* Build configuration list for PBXProject "ok" */ = {
			isa = XCConfigurationList;
			buildConfigurations = (
				54A7BC5E1D342E49007E6EBB /* Debug */,
				54A7BC5F1D342E49007E6EBB /* Release */,
			);
			defaultConfigurationIsVisible = 0;
			defaultConfigurationName = Release;
		};
		54A7BC601D342E49007E6EBB /* Build configuration list for PBXNativeTarget "ok" */ = {
			isa = XCConfigurationList;
			buildConfigurations = (
				54A7BC611D342E49007E6EBB /* Debug */,
				54A7BC621D342E49007E6EBB /* Release */,
			);
			defaultConfigurationIsVisible = 0;
		};
		54A7BC631D342E49007E6EBB /* Build configuration list for PBXNativeTarget "okTests" */ = {
			isa = XCConfigurationList;
			buildConfigurations = (
				54A7BC641D342E49007E6EBB /* Debug */,
				54A7BC651D342E49007E6EBB /* Release */,
			);
			defaultConfigurationIsVisible = 0;
		};
		54A7BC661D342E49007E6EBB /* Build configuration list for PBXNativeTarget "okUITests" */ = {
			isa = XCConfigurationList;
			buildConfigurations = (
				54A7BC671D342E49007E6EBB /* Debug */,
				54A7BC681D342E49007E6EBB /* Release */,
			);
			defaultConfigurationIsVisible = 0;
		};
/* End XCConfigurationList section */

/* Begin XCVersionGroup section */
		54A7BC3F1D342E49007E6EBB /* ok.xcdatamodeld */ = {
			isa = XCVersionGroup;
			children = (
				54A7BC401D342E49007E6EBB /* ok.xcdatamodel */,
			);
			currentVersion = 54A7BC401D342E49007E6EBB /* ok.xcdatamodel */;
			path = ok.xcdatamodeld;
			sourceTree = "<group>";
			versionGroupType = wrapper.xcdatamodel;
		};
/* End XCVersionGroup section */
	};
	rootObject = 54A7BC281D342E49007E6EBB /* Project object */;
}
